
Microsoft Visual Studio Solution File, Format Version 12.00
# Visual Studio Version 17
VisualStudioVersion = 17.14.36414.22
MinimumVisualStudioVersion = 10.0.40219.1
Project("{FAE04EC0-301F-11D3-BF4B-00C04F79EFBC}") = "GUI_DE3", "GUI_DE3\GUI_DE3.csproj", "{B2A64344-BE9D-402B-BC57-BD82C2F4D06C}"
EndProject
Project("{FAE04EC0-301F-11D3-BF4B-00C04F79EFBC}") = "BLL_DE3", "BLL_DE3\BLL_DE3.csproj", "{38FBC53D-8775-4291-8A53-94FEC208F88D}"
EndProject
Project("{FAE04EC0-301F-11D3-BF4B-00C04F79EFBC}") = "DAL_DE3", "DAL_DE3\DAL_DE3.csproj", "{F60F0FE0-C1A2-4799-ACB9-64AAF51EA01B}"
EndProject
Project("{FAE04EC0-301F-11D3-BF4B-00C04F79EFBC}") = "DTO_DE3", "DTO_DE3\DTO_DE3.csproj", "{2A7E1FE0-F61B-4CF2-888D-C7535ECBA977}"
EndProject
Project("{FAE04EC0-301F-11D3-BF4B-00C04F79EFBC}") = "Data", "Data\Data.csproj", "{A3383C5A-EDAA-40CE-BF53-E986C960CEF6}"
EndProject
Global
	GlobalSection(SolutionConfigurationPlatforms) = preSolution
		Debug|Any CPU = Debug|Any CPU
		Release|Any CPU = Release|Any CPU
	EndGlobalSection
	GlobalSection(ProjectConfigurationPlatforms) = postSolution
		{B2A64344-BE9D-402B-BC57-BD82C2F4D06C}.Debug|Any CPU.ActiveCfg = Debug|Any CPU
		{B2A64344-BE9D-402B-BC57-BD82C2F4D06C}.Debug|Any CPU.Build.0 = Debug|Any CPU
		{B2A64344-BE9D-402B-BC57-BD82C2F4D06C}.Release|Any CPU.ActiveCfg = Release|Any CPU
		{B2A64344-BE9D-402B-BC57-BD82C2F4D06C}.Release|Any CPU.Build.0 = Release|Any CPU
		{38FBC53D-8775-4291-8A53-94FEC208F88D}.Debug|Any CPU.ActiveCfg = Debug|Any CPU
		{38FBC53D-8775-4291-8A53-94FEC208F88D}.Debug|Any CPU.Build.0 = Debug|Any CPU
		{38FBC53D-8775-4291-8A53-94FEC208F88D}.Release|Any CPU.ActiveCfg = Release|Any CPU
		{38FBC53D-8775-4291-8A53-94FEC208F88D}.Release|Any CPU.Build.0 = Release|Any CPU
		{F60F0FE0-C1A2-4799-ACB9-64AAF51EA01B}.Debug|Any CPU.ActiveCfg = Debug|Any CPU
		{F60F0FE0-C1A2-4799-ACB9-64AAF51EA01B}.Debug|Any CPU.Build.0 = Debug|Any CPU
		{F60F0FE0-C1A2-4799-ACB9-64AAF51EA01B}.Release|Any CPU.ActiveCfg = Release|Any CPU
		{F60F0FE0-C1A2-4799-ACB9-64AAF51EA01B}.Release|Any CPU.Build.0 = Release|Any CPU
		{2A7E1FE0-F61B-4CF2-888D-C7535ECBA977}.Debug|Any CPU.ActiveCfg = Debug|Any CPU
		{2A7E1FE0-F61B-4CF2-888D-C7535ECBA977}.Debug|Any CPU.Build.0 = Debug|Any CPU
		{2A7E1FE0-F61B-4CF2-888D-C7535ECBA977}.Release|Any CPU.ActiveCfg = Release|Any CPU
		{2A7E1FE0-F61B-4CF2-888D-C7535ECBA977}.Release|Any CPU.Build.0 = Release|Any CPU
		{A3383C5A-EDAA-40CE-BF53-E986C960CEF6}.Debug|Any CPU.ActiveCfg = Debug|Any CPU
		{A3383C5A-EDAA-40CE-BF53-E986C960CEF6}.Debug|Any CPU.Build.0 = Debug|Any CPU
		{A3383C5A-EDAA-40CE-BF53-E986C960CEF6}.Release|Any CPU.ActiveCfg = Release|Any CPU
		{A3383C5A-EDAA-40CE-BF53-E986C960CEF6}.Release|Any CPU.Build.0 = Release|Any CPU
	EndGlobalSection
	GlobalSection(SolutionProperties) = preSolution
		HideSolutionNode = FALSE
	EndGlobalSection
	GlobalSection(ExtensibilityGlobals) = postSolution
		SolutionGuid = {8BCD405B-6DE8-41E9-B610-0BCEDB3488C1}
	EndGlobalSection
EndGlobal
